
Microsoft Visual Studio Solution File, Format Version 12.00
# Visual Studio Version 17
VisualStudioVersion = 17.0.32112.339
MinimumVisualStudioVersion = 10.0.40219.1
Project("{9A19103F-16F7-4668-BE54-9A1E7A4F7556}") = "HappyTravel.FastpayhotelsConnector.Updater", "HappyTravel.FastpayhotelsConnector.Updater\HappyTravel.FastpayhotelsConnector.Updater.csproj", "{2373665C-663F-46E5-AA23-1C0D5C2318D6}"
	ProjectSection(ProjectDependencies) = postProject
		{A4EF023C-38D2-42F4-BFEC-E04ECBDF21DC} = {A4EF023C-38D2-42F4-BFEC-E04ECBDF21DC}
		{A1246886-3487-435F-B3C8-EE1A798401A3} = {A1246886-3487-435F-B3C8-EE1A798401A3}
	EndProjectSection
EndProject
Project("{9A19103F-16F7-4668-BE54-9A1E7A4F7556}") = "HappyTravel.FastpayhotelsConnector.Common", "HappyTravel.FastpayhotelsConnector.Common\HappyTravel.FastpayhotelsConnector.Common.csproj", "{A4EF023C-38D2-42F4-BFEC-E04ECBDF21DC}"
EndProject
Project("{9A19103F-16F7-4668-BE54-9A1E7A4F7556}") = "HappyTravel.FastpayhotelsConnector.Data", "HappyTravel.FastpayhotelsConnector.Data\HappyTravel.FastpayhotelsConnector.Data.csproj", "{A1246886-3487-435F-B3C8-EE1A798401A3}"
EndProject
Project("{9A19103F-16F7-4668-BE54-9A1E7A4F7556}") = "HappyTravel.FastpayhotelsConnector.Api", "HappyTravel.FastpayhotelsConnector.Api\HappyTravel.FastpayhotelsConnector.Api.csproj", "{D241606F-FF16-4A9A-BE56-0705618FE1A9}"
EndProject
Global
	GlobalSection(SolutionConfigurationPlatforms) = preSolution
		Debug|Any CPU = Debug|Any CPU
		Release|Any CPU = Release|Any CPU
	EndGlobalSection
	GlobalSection(ProjectConfigurationPlatforms) = postSolution
		{2373665C-663F-46E5-AA23-1C0D5C2318D6}.Debug|Any CPU.ActiveCfg = Debug|Any CPU
		{2373665C-663F-46E5-AA23-1C0D5C2318D6}.Debug|Any CPU.Build.0 = Debug|Any CPU
		{2373665C-663F-46E5-AA23-1C0D5C2318D6}.Release|Any CPU.ActiveCfg = Release|Any CPU
		{2373665C-663F-46E5-AA23-1C0D5C2318D6}.Release|Any CPU.Build.0 = Release|Any CPU
		{A4EF023C-38D2-42F4-BFEC-E04ECBDF21DC}.Debug|Any CPU.ActiveCfg = Debug|Any CPU
		{A4EF023C-38D2-42F4-BFEC-E04ECBDF21DC}.Debug|Any CPU.Build.0 = Debug|Any CPU
		{A4EF023C-38D2-42F4-BFEC-E04ECBDF21DC}.Release|Any CPU.ActiveCfg = Release|Any CPU
		{A4EF023C-38D2-42F4-BFEC-E04ECBDF21DC}.Release|Any CPU.Build.0 = Release|Any CPU
		{A1246886-3487-435F-B3C8-EE1A798401A3}.Debug|Any CPU.ActiveCfg = Debug|Any CPU
		{A1246886-3487-435F-B3C8-EE1A798401A3}.Debug|Any CPU.Build.0 = Debug|Any CPU
		{A1246886-3487-435F-B3C8-EE1A798401A3}.Release|Any CPU.ActiveCfg = Release|Any CPU
		{A1246886-3487-435F-B3C8-EE1A798401A3}.Release|Any CPU.Build.0 = Release|Any CPU
		{D241606F-FF16-4A9A-BE56-0705618FE1A9}.Debug|Any CPU.ActiveCfg = Debug|Any CPU
		{D241606F-FF16-4A9A-BE56-0705618FE1A9}.Debug|Any CPU.Build.0 = Debug|Any CPU
		{D241606F-FF16-4A9A-BE56-0705618FE1A9}.Release|Any CPU.ActiveCfg = Release|Any CPU
		{D241606F-FF16-4A9A-BE56-0705618FE1A9}.Release|Any CPU.Build.0 = Release|Any CPU
	EndGlobalSection
	GlobalSection(SolutionProperties) = preSolution
		HideSolutionNode = FALSE
	EndGlobalSection
	GlobalSection(ExtensibilityGlobals) = postSolution
		SolutionGuid = {143692D8-B19A-488E-B56A-E788A199F89E}
	EndGlobalSection
EndGlobal
